<Solution>
  <Project Path="src/squad.AgentProvider.Abstractions/squad.AgentProvider.Abstractions.csproj" />
  <Project Path="src/squad.Configuration/squad.Configuration.csproj" />
  <Project Path="src/squad.Handoff/squad.Handoff.csproj" />
  <Project Path="src/squad.Process/squad.Process.csproj" />
  <Project Path="src/squad.Core/squad.Core.csproj" />
  <Project Path="src/squad.Handoffs/squad.Handoffs.csproj" />
  <Project Path="src/squad.Transcripts/squad.Transcripts.csproj" />
  <Project Path="src/squad.Photino/squad.Photino.csproj" />
  <Project Path="src/squad.Hosting.Abstractions/squad.Hosting.Abstractions.csproj" />
  <Project Path="src/squad.Ui.Abstractions/squad.Ui.Abstractions.csproj" />
  <Folder Name="/src/">
    <Project Path="src/squad.CopilotSdk/squad.CopilotSdk.csproj" />
  </Folder>
  <Project Path="src/squad-hq/squad-hq.csproj" />
  <Project Path="src/squad.Specs/squad.Specs.csproj" />
  <Project Path="src/squad/squad.csproj" />
</Solution>
